
Microsoft Visual Studio Solution File, Format Version 12.00
# Visual Studio Version 17
VisualStudioVersion = 17.14.36811.4 d17.14
MinimumVisualStudioVersion = 10.0.40219.1
Project("{FAE04EC0-301F-11D3-BF4B-00C04F79EFBC}") = "AzureBlobProject", "AzureBlobProject\AzureBlobProject.csproj", "{2B175A0A-DD29-4DC4-845A-43CD3E40D423}"
EndProject
Global
	GlobalSection(SolutionConfigurationPlatforms) = preSolution
		Debug|Any CPU = Debug|Any CPU
		Release|Any CPU = Release|Any CPU
	EndGlobalSection
	GlobalSection(ProjectConfigurationPlatforms) = postSolution
		{2B175A0A-DD29-4DC4-845A-43CD3E40D423}.Debug|Any CPU.ActiveCfg = Debug|Any CPU
		{2B175A0A-DD29-4DC4-845A-43CD3E40D423}.Debug|Any CPU.Build.0 = Debug|Any CPU
		{2B175A0A-DD29-4DC4-845A-43CD3E40D423}.Release|Any CPU.ActiveCfg = Release|Any CPU
		{2B175A0A-DD29-4DC4-845A-43CD3E40D423}.Release|Any CPU.Build.0 = Release|Any CPU
	EndGlobalSection
	GlobalSection(SolutionProperties) = preSolution
		HideSolutionNode = FALSE
	EndGlobalSection
	GlobalSection(ExtensibilityGlobals) = postSolution
		SolutionGuid = {DE1ACC1D-8A03-4F13-86E9-6556FD041D69}
	EndGlobalSection
EndGlobal
